
Microsoft Visual Studio Solution File, Format Version 12.00
# Visual Studio 15
VisualStudioVersion = 15.0.27703.2026
MinimumVisualStudioVersion = 10.0.40219.1
Project("{FAE04EC0-301F-11D3-BF4B-00C04F79EFBC}") = "MetodoEstatico", "MetodoEstatico\MetodoEstatico.csproj", "{11862A53-9D57-45B1-964E-C9A65F790133}"
EndProject
Global
	GlobalSection(SolutionConfigurationPlatforms) = preSolution
		Debug|Any CPU = Debug|Any CPU
		Release|Any CPU = Release|Any CPU
	EndGlobalSection
	GlobalSection(ProjectConfigurationPlatforms) = postSolution
		{11862A53-9D57-45B1-964E-C9A65F790133}.Debug|Any CPU.ActiveCfg = Debug|Any CPU
		{11862A53-9D57-45B1-964E-C9A65F790133}.Debug|Any CPU.Build.0 = Debug|Any CPU
		{11862A53-9D57-45B1-964E-C9A65F790133}.Release|Any CPU.ActiveCfg = Release|Any CPU
		{11862A53-9D57-45B1-964E-C9A65F790133}.Release|Any CPU.Build.0 = Release|Any CPU
	EndGlobalSection
	GlobalSection(SolutionProperties) = preSolution
		HideSolutionNode = FALSE
	EndGlobalSection
	GlobalSection(ExtensibilityGlobals) = postSolution
		SolutionGuid = {DF237637-76B9-4E8F-800E-CEB4E514902D}
	EndGlobalSection
EndGlobal
